
Microsoft Visual Studio Solution File, Format Version 12.00
# Visual Studio Version 17
VisualStudioVersion = 17.3.32929.385
MinimumVisualStudioVersion = 10.0.40219.1
Project("{F184B08F-C81C-45F6-A57F-5ABD9991F28F}") = "RFLTools_ACAD2016", "RFLTools_Acad2016\RFLTools_ACAD2016.vbproj", "{AB4383FE-67EF-483C-8DF0-FF67CA55FF5C}"
EndProject
Project("{F184B08F-C81C-45F6-A57F-5ABD9991F28F}") = "RFLTools_ACAD2015", "RFLTools_Acad2015\RFLTools_ACAD2015.vbproj", "{EA9472A6-1E86-4C55-93D6-B2A898E23D4A}"
EndProject
Project("{F184B08F-C81C-45F6-A57F-5ABD9991F28F}") = "RFLTools_ACAD2013", "RFLTools_Acad2013\RFLTools_ACAD2013.vbproj", "{CEC8EA8E-353F-4800-91B1-CE544AEED906}"
EndProject
Project("{F184B08F-C81C-45F6-A57F-5ABD9991F28F}") = "RFLTools_ACAD2017", "RFLTools_Acad2017\RFLTools_ACAD2017.vbproj", "{E6D59AEC-70BB-4341-AF01-8B93369C8EDF}"
EndProject
Project("{F184B08F-C81C-45F6-A57F-5ABD9991F28F}") = "RFLTools_ACAD2014", "RFLTools_Acad2014\RFLTools_ACAD2014.vbproj", "{FE6B534E-169F-4FC0-A928-1B9BE17E46E5}"
EndProject
Project("{F184B08F-C81C-45F6-A57F-5ABD9991F28F}") = "RFLTools_ACAD2018", "RFLTools_Acad2018\RFLTools_ACAD2018.vbproj", "{6C1EBBDB-1B47-434B-A39D-246B8E31D319}"
EndProject
Project("{F184B08F-C81C-45F6-A57F-5ABD9991F28F}") = "RFLTools_ACAD2019", "RFLTools_Acad2019\RFLTools_ACAD2019.vbproj", "{35580EFC-F382-4478-81DC-738848C625A6}"
EndProject
Project("{F184B08F-C81C-45F6-A57F-5ABD9991F28F}") = "RFLTools_ACAD2020", "RFLTools_Acad2020\RFLTools_ACAD2020.vbproj", "{F9D5FC7D-31F6-4C49-97F6-C2202EA33484}"
EndProject
Project("{54435603-DBB4-11D2-8724-00A0C9A8B90C}") = "SetupRFLTools", "Setup\SetupRFLTools\SetupRFLTools.vdproj", "{CFB6DC96-D2DB-4899-ADBB-CEBCE469D097}"
EndProject
Project("{F184B08F-C81C-45F6-A57F-5ABD9991F28F}") = "RFLTools_ACAD2021", "RFLTools_Acad2021\RFLTools_ACAD2021.vbproj", "{4549474A-F062-4768-9E4C-0C621AB2F2F3}"
EndProject
Project("{F184B08F-C81C-45F6-A57F-5ABD9991F28F}") = "RFLTools_ACAD2022", "RFLTools_Acad2022\RFLTools_ACAD2022.vbproj", "{1F88ABC9-D9B1-4CE8-AF7E-3A479A00B7E4}"
EndProject
Project("{F184B08F-C81C-45F6-A57F-5ABD9991F28F}") = "RFLTools_ACAD2023", "RFLTools_Acad2023\RFLTools_ACAD2023.vbproj", "{F08497DC-B963-490F-9E44-94822FC74140}"
EndProject
Project("{F184B08F-C81C-45F6-A57F-5ABD9991F28F}") = "RFLTools_ACAD2024", "RFLTools_Acad2024\RFLTools_ACAD2024.vbproj", "{877BD2D3-89F3-416A-BD42-0BD1F4344895}"
EndProject
Global
	GlobalSection(SolutionConfigurationPlatforms) = preSolution
		Debug|Any CPU = Debug|Any CPU
		Debug|x64 = Debug|x64
		Debug|x86 = Debug|x86
		Release|Any CPU = Release|Any CPU
		Release|x64 = Release|x64
		Release|x86 = Release|x86
	EndGlobalSection
	GlobalSection(ProjectConfigurationPlatforms) = postSolution
		{AB4383FE-67EF-483C-8DF0-FF67CA55FF5C}.Debug|Any CPU.ActiveCfg = Debug|Any CPU
		{AB4383FE-67EF-483C-8DF0-FF67CA55FF5C}.Debug|Any CPU.Build.0 = Debug|Any CPU
		{AB4383FE-67EF-483C-8DF0-FF67CA55FF5C}.Debug|x64.ActiveCfg = Debug|x64
		{AB4383FE-67EF-483C-8DF0-FF67CA55FF5C}.Debug|x64.Build.0 = Debug|x64
		{AB4383FE-67EF-483C-8DF0-FF67CA55FF5C}.Debug|x86.ActiveCfg = Debug|x86
		{AB4383FE-67EF-483C-8DF0-FF67CA55FF5C}.Debug|x86.Build.0 = Debug|x86
		{AB4383FE-67EF-483C-8DF0-FF67CA55FF5C}.Release|Any CPU.ActiveCfg = Release|Any CPU
		{AB4383FE-67EF-483C-8DF0-FF67CA55FF5C}.Release|Any CPU.Build.0 = Release|Any CPU
		{AB4383FE-67EF-483C-8DF0-FF67CA55FF5C}.Release|x64.ActiveCfg = Release|x64
		{AB4383FE-67EF-483C-8DF0-FF67CA55FF5C}.Release|x64.Build.0 = Release|x64
		{AB4383FE-67EF-483C-8DF0-FF67CA55FF5C}.Release|x86.ActiveCfg = Release|x86
		{AB4383FE-67EF-483C-8DF0-FF67CA55FF5C}.Release|x86.Build.0 = Release|x86
		{EA9472A6-1E86-4C55-93D6-B2A898E23D4A}.Debug|Any CPU.ActiveCfg = Debug|Any CPU
		{EA9472A6-1E86-4C55-93D6-B2A898E23D4A}.Debug|Any CPU.Build.0 = Debug|Any CPU
		{EA9472A6-1E86-4C55-93D6-B2A898E23D4A}.Debug|x64.ActiveCfg = Debug|x64
		{EA9472A6-1E86-4C55-93D6-B2A898E23D4A}.Debug|x64.Build.0 = Debug|x64
		{EA9472A6-1E86-4C55-93D6-B2A898E23D4A}.Debug|x86.ActiveCfg = Debug|x86
		{EA9472A6-1E86-4C55-93D6-B2A898E23D4A}.Debug|x86.Build.0 = Debug|x86
		{EA9472A6-1E86-4C55-93D6-B2A898E23D4A}.Release|Any CPU.ActiveCfg = Release|Any CPU
		{EA9472A6-1E86-4C55-93D6-B2A898E23D4A}.Release|Any CPU.Build.0 = Release|Any CPU
		{EA9472A6-1E86-4C55-93D6-B2A898E23D4A}.Release|x64.ActiveCfg = Release|x64
		{EA9472A6-1E86-4C55-93D6-B2A898E23D4A}.Release|x64.Build.0 = Release|x64
		{EA9472A6-1E86-4C55-93D6-B2A898E23D4A}.Release|x86.ActiveCfg = Release|x86
		{EA9472A6-1E86-4C55-93D6-B2A898E23D4A}.Release|x86.Build.0 = Release|x86
		{CEC8EA8E-353F-4800-91B1-CE544AEED906}.Debug|Any CPU.ActiveCfg = Debug|Any CPU
		{CEC8EA8E-353F-4800-91B1-CE544AEED906}.Debug|Any CPU.Build.0 = Debug|Any CPU
		{CEC8EA8E-353F-4800-91B1-CE544AEED906}.Debug|x64.ActiveCfg = Debug|x64
		{CEC8EA8E-353F-4800-91B1-CE544AEED906}.Debug|x64.Build.0 = Debug|x64
		{CEC8EA8E-353F-4800-91B1-CE544AEED906}.Debug|x86.ActiveCfg = Debug|x86
		{CEC8EA8E-353F-4800-91B1-CE544AEED906}.Debug|x86.Build.0 = Debug|x86
		{CEC8EA8E-353F-4800-91B1-CE544AEED906}.Release|Any CPU.ActiveCfg = Release|Any CPU
		{CEC8EA8E-353F-4800-91B1-CE544AEED906}.Release|Any CPU.Build.0 = Release|Any CPU
		{CEC8EA8E-353F-4800-91B1-CE544AEED906}.Release|x64.ActiveCfg = Release|x64
		{CEC8EA8E-353F-4800-91B1-CE544AEED906}.Release|x64.Build.0 = Release|x64
		{CEC8EA8E-353F-4800-91B1-CE544AEED906}.Release|x86.ActiveCfg = Release|x86
		{CEC8EA8E-353F-4800-91B1-CE544AEED906}.Release|x86.Build.0 = Release|x86
		{E6D59AEC-70BB-4341-AF01-8B93369C8EDF}.Debug|Any CPU.ActiveCfg = Debug|Any CPU
		{E6D59AEC-70BB-4341-AF01-8B93369C8EDF}.Debug|Any CPU.Build.0 = Debug|Any CPU
		{E6D59AEC-70BB-4341-AF01-8B93369C8EDF}.Debug|x64.ActiveCfg = Debug|x64
		{E6D59AEC-70BB-4341-AF01-8B93369C8EDF}.Debug|x64.Build.0 = Debug|x64
		{E6D59AEC-70BB-4341-AF01-8B93369C8EDF}.Debug|x86.ActiveCfg = Debug|x86
		{E6D59AEC-70BB-4341-AF01-8B93369C8EDF}.Debug|x86.Build.0 = Debug|x86
		{E6D59AEC-70BB-4341-AF01-8B93369C8EDF}.Release|Any CPU.ActiveCfg = Release|Any CPU
		{E6D59AEC-70BB-4341-AF01-8B93369C8EDF}.Release|Any CPU.Build.0 = Release|Any CPU
		{E6D59AEC-70BB-4341-AF01-8B93369C8EDF}.Release|x64.ActiveCfg = Release|x64
		{E6D59AEC-70BB-4341-AF01-8B93369C8EDF}.Release|x64.Build.0 = Release|x64
		{E6D59AEC-70BB-4341-AF01-8B93369C8EDF}.Release|x86.ActiveCfg = Release|x86
		{E6D59AEC-70BB-4341-AF01-8B93369C8EDF}.Release|x86.Build.0 = Release|x86
		{FE6B534E-169F-4FC0-A928-1B9BE17E46E5}.Debug|Any CPU.ActiveCfg = Debug|Any CPU
		{FE6B534E-169F-4FC0-A928-1B9BE17E46E5}.Debug|Any CPU.Build.0 = Debug|Any CPU
		{FE6B534E-169F-4FC0-A928-1B9BE17E46E5}.Debug|x64.ActiveCfg = Debug|x64
		{FE6B534E-169F-4FC0-A928-1B9BE17E46E5}.Debug|x64.Build.0 = Debug|x64
		{FE6B534E-169F-4FC0-A928-1B9BE17E46E5}.Debug|x86.ActiveCfg = Debug|x86
		{FE6B534E-169F-4FC0-A928-1B9BE17E46E5}.Debug|x86.Build.0 = Debug|x86
		{FE6B534E-169F-4FC0-A928-1B9BE17E46E5}.Release|Any CPU.ActiveCfg = Release|Any CPU
		{FE6B534E-169F-4FC0-A928-1B9BE17E46E5}.Release|Any CPU.Build.0 = Release|Any CPU
		{FE6B534E-169F-4FC0-A928-1B9BE17E46E5}.Release|x64.ActiveCfg = Release|x64
		{FE6B534E-169F-4FC0-A928-1B9BE17E46E5}.Release|x64.Build.0 = Release|x64
		{FE6B534E-169F-4FC0-A928-1B9BE17E46E5}.Release|x86.ActiveCfg = Release|x86
		{FE6B534E-169F-4FC0-A928-1B9BE17E46E5}.Release|x86.Build.0 = Release|x86
		{6C1EBBDB-1B47-434B-A39D-246B8E31D319}.Debug|Any CPU.ActiveCfg = Debug|Any CPU
		{6C1EBBDB-1B47-434B-A39D-246B8E31D319}.Debug|Any CPU.Build.0 = Debug|Any CPU
		{6C1EBBDB-1B47-434B-A39D-246B8E31D319}.Debug|x64.ActiveCfg = Debug|x64
		{6C1EBBDB-1B47-434B-A39D-246B8E31D319}.Debug|x64.Build.0 = Debug|x64
		{6C1EBBDB-1B47-434B-A39D-246B8E31D319}.Debug|x86.ActiveCfg = Debug|x86
		{6C1EBBDB-1B47-434B-A39D-246B8E31D319}.Debug|x86.Build.0 = Debug|x86
		{6C1EBBDB-1B47-434B-A39D-246B8E31D319}.Release|Any CPU.ActiveCfg = Release|Any CPU
		{6C1EBBDB-1B47-434B-A39D-246B8E31D319}.Release|Any CPU.Build.0 = Release|Any CPU
		{6C1EBBDB-1B47-434B-A39D-246B8E31D319}.Release|x64.ActiveCfg = Release|x64
		{6C1EBBDB-1B47-434B-A39D-246B8E31D319}.Release|x64.Build.0 = Release|x64
		{6C1EBBDB-1B47-434B-A39D-246B8E31D319}.Release|x86.ActiveCfg = Release|x86
		{6C1EBBDB-1B47-434B-A39D-246B8E31D319}.Release|x86.Build.0 = Release|x86
		{35580EFC-F382-4478-81DC-738848C625A6}.Debug|Any CPU.ActiveCfg = Debug|Any CPU
		{35580EFC-F382-4478-81DC-738848C625A6}.Debug|Any CPU.Build.0 = Debug|Any CPU
		{35580EFC-F382-4478-81DC-738848C625A6}.Debug|x64.ActiveCfg = Debug|x64
		{35580EFC-F382-4478-81DC-738848C625A6}.Debug|x64.Build.0 = Debug|x64
		{35580EFC-F382-4478-81DC-738848C625A6}.Debug|x86.ActiveCfg = Debug|x86
		{35580EFC-F382-4478-81DC-738848C625A6}.Debug|x86.Build.0 = Debug|x86
		{35580EFC-F382-4478-81DC-738848C625A6}.Release|Any CPU.ActiveCfg = Release|Any CPU
		{35580EFC-F382-4478-81DC-738848C625A6}.Release|Any CPU.Build.0 = Release|Any CPU
		{35580EFC-F382-4478-81DC-738848C625A6}.Release|x64.ActiveCfg = Release|x64
		{35580EFC-F382-4478-81DC-738848C625A6}.Release|x64.Build.0 = Release|x64
		{35580EFC-F382-4478-81DC-738848C625A6}.Release|x86.ActiveCfg = Release|x86
		{35580EFC-F382-4478-81DC-738848C625A6}.Release|x86.Build.0 = Release|x86
		{F9D5FC7D-31F6-4C49-97F6-C2202EA33484}.Debug|Any CPU.ActiveCfg = Debug|Any CPU
		{F9D5FC7D-31F6-4C49-97F6-C2202EA33484}.Debug|Any CPU.Build.0 = Debug|Any CPU
		{F9D5FC7D-31F6-4C49-97F6-C2202EA33484}.Debug|x64.ActiveCfg = Debug|x64
		{F9D5FC7D-31F6-4C49-97F6-C2202EA33484}.Debug|x64.Build.0 = Debug|x64
		{F9D5FC7D-31F6-4C49-97F6-C2202EA33484}.Debug|x86.ActiveCfg = Debug|x86
		{F9D5FC7D-31F6-4C49-97F6-C2202EA33484}.Debug|x86.Build.0 = Debug|x86
		{F9D5FC7D-31F6-4C49-97F6-C2202EA33484}.Release|Any CPU.ActiveCfg = Release|Any CPU
		{F9D5FC7D-31F6-4C49-97F6-C2202EA33484}.Release|Any CPU.Build.0 = Release|Any CPU
		{F9D5FC7D-31F6-4C49-97F6-C2202EA33484}.Release|x64.ActiveCfg = Release|x64
		{F9D5FC7D-31F6-4C49-97F6-C2202EA33484}.Release|x64.Build.0 = Release|x64
		{F9D5FC7D-31F6-4C49-97F6-C2202EA33484}.Release|x86.ActiveCfg = Release|x86
		{F9D5FC7D-31F6-4C49-97F6-C2202EA33484}.Release|x86.Build.0 = Release|x86
		{CFB6DC96-D2DB-4899-ADBB-CEBCE469D097}.Debug|Any CPU.ActiveCfg = Debug
		{CFB6DC96-D2DB-4899-ADBB-CEBCE469D097}.Debug|x64.ActiveCfg = Debug
		{CFB6DC96-D2DB-4899-ADBB-CEBCE469D097}.Debug|x86.ActiveCfg = Debug
		{CFB6DC96-D2DB-4899-ADBB-CEBCE469D097}.Release|Any CPU.ActiveCfg = Release
		{CFB6DC96-D2DB-4899-ADBB-CEBCE469D097}.Release|x64.ActiveCfg = Release
		{CFB6DC96-D2DB-4899-ADBB-CEBCE469D097}.Release|x86.ActiveCfg = Release
		{4549474A-F062-4768-9E4C-0C621AB2F2F3}.Debug|Any CPU.ActiveCfg = Debug|Any CPU
		{4549474A-F062-4768-9E4C-0C621AB2F2F3}.Debug|Any CPU.Build.0 = Debug|Any CPU
		{4549474A-F062-4768-9E4C-0C621AB2F2F3}.Debug|x64.ActiveCfg = Debug|x64
		{4549474A-F062-4768-9E4C-0C621AB2F2F3}.Debug|x64.Build.0 = Debug|x64
		{4549474A-F062-4768-9E4C-0C621AB2F2F3}.Debug|x86.ActiveCfg = Debug|x86
		{4549474A-F062-4768-9E4C-0C621AB2F2F3}.Debug|x86.Build.0 = Debug|x86
		{4549474A-F062-4768-9E4C-0C621AB2F2F3}.Release|Any CPU.ActiveCfg = Release|Any CPU
		{4549474A-F062-4768-9E4C-0C621AB2F2F3}.Release|Any CPU.Build.0 = Release|Any CPU
		{4549474A-F062-4768-9E4C-0C621AB2F2F3}.Release|x64.ActiveCfg = Release|x64
		{4549474A-F062-4768-9E4C-0C621AB2F2F3}.Release|x64.Build.0 = Release|x64
		{4549474A-F062-4768-9E4C-0C621AB2F2F3}.Release|x86.ActiveCfg = Release|x86
		{4549474A-F062-4768-9E4C-0C621AB2F2F3}.Release|x86.Build.0 = Release|x86
		{1F88ABC9-D9B1-4CE8-AF7E-3A479A00B7E4}.Debug|Any CPU.ActiveCfg = Debug|Any CPU
		{1F88ABC9-D9B1-4CE8-AF7E-3A479A00B7E4}.Debug|Any CPU.Build.0 = Debug|Any CPU
		{1F88ABC9-D9B1-4CE8-AF7E-3A479A00B7E4}.Debug|x64.ActiveCfg = Debug|x64
		{1F88ABC9-D9B1-4CE8-AF7E-3A479A00B7E4}.Debug|x64.Build.0 = Debug|x64
		{1F88ABC9-D9B1-4CE8-AF7E-3A479A00B7E4}.Debug|x86.ActiveCfg = Debug|x86
		{1F88ABC9-D9B1-4CE8-AF7E-3A479A00B7E4}.Debug|x86.Build.0 = Debug|x86
		{1F88ABC9-D9B1-4CE8-AF7E-3A479A00B7E4}.Release|Any CPU.ActiveCfg = Release|Any CPU
		{1F88ABC9-D9B1-4CE8-AF7E-3A479A00B7E4}.Release|Any CPU.Build.0 = Release|Any CPU
		{1F88ABC9-D9B1-4CE8-AF7E-3A479A00B7E4}.Release|x64.ActiveCfg = Release|x64
		{1F88ABC9-D9B1-4CE8-AF7E-3A479A00B7E4}.Release|x64.Build.0 = Release|x64
		{1F88ABC9-D9B1-4CE8-AF7E-3A479A00B7E4}.Release|x86.ActiveCfg = Release|x86
		{1F88ABC9-D9B1-4CE8-AF7E-3A479A00B7E4}.Release|x86.Build.0 = Release|x86
		{F08497DC-B963-490F-9E44-94822FC74140}.Debug|Any CPU.ActiveCfg = Debug|Any CPU
		{F08497DC-B963-490F-9E44-94822FC74140}.Debug|Any CPU.Build.0 = Debug|Any CPU
		{F08497DC-B963-490F-9E44-94822FC74140}.Debug|x64.ActiveCfg = Debug|x64
		{F08497DC-B963-490F-9E44-94822FC74140}.Debug|x64.Build.0 = Debug|x64
		{F08497DC-B963-490F-9E44-94822FC74140}.Debug|x86.ActiveCfg = Debug|x86
		{F08497DC-B963-490F-9E44-94822FC74140}.Debug|x86.Build.0 = Debug|x86
		{F08497DC-B963-490F-9E44-94822FC74140}.Release|Any CPU.ActiveCfg = Release|Any CPU
		{F08497DC-B963-490F-9E44-94822FC74140}.Release|Any CPU.Build.0 = Release|Any CPU
		{F08497DC-B963-490F-9E44-94822FC74140}.Release|x64.ActiveCfg = Release|x64
		{F08497DC-B963-490F-9E44-94822FC74140}.Release|x64.Build.0 = Release|x64
		{F08497DC-B963-490F-9E44-94822FC74140}.Release|x86.ActiveCfg = Release|x86
		{F08497DC-B963-490F-9E44-94822FC74140}.Release|x86.Build.0 = Release|x86
		{877BD2D3-89F3-416A-BD42-0BD1F4344895}.Debug|Any CPU.ActiveCfg = Debug|Any CPU
		{877BD2D3-89F3-416A-BD42-0BD1F4344895}.Debug|Any CPU.Build.0 = Debug|Any CPU
		{877BD2D3-89F3-416A-BD42-0BD1F4344895}.Debug|x64.ActiveCfg = Debug|x64
		{877BD2D3-89F3-416A-BD42-0BD1F4344895}.Debug|x64.Build.0 = Debug|x64
		{877BD2D3-89F3-416A-BD42-0BD1F4344895}.Debug|x86.ActiveCfg = Debug|x86
		{877BD2D3-89F3-416A-BD42-0BD1F4344895}.Debug|x86.Build.0 = Debug|x86
		{877BD2D3-89F3-416A-BD42-0BD1F4344895}.Release|Any CPU.ActiveCfg = Release|Any CPU
		{877BD2D3-89F3-416A-BD42-0BD1F4344895}.Release|Any CPU.Build.0 = Release|Any CPU
		{877BD2D3-89F3-416A-BD42-0BD1F4344895}.Release|x64.ActiveCfg = Release|x64
		{877BD2D3-89F3-416A-BD42-0BD1F4344895}.Release|x64.Build.0 = Release|x64
		{877BD2D3-89F3-416A-BD42-0BD1F4344895}.Release|x86.ActiveCfg = Release|x86
		{877BD2D3-89F3-416A-BD42-0BD1F4344895}.Release|x86.Build.0 = Release|x86
	EndGlobalSection
	GlobalSection(SolutionProperties) = preSolution
		HideSolutionNode = FALSE
	EndGlobalSection
	GlobalSection(ExtensibilityGlobals) = postSolution
		SolutionGuid = {4359B041-5E40-4FB1-ACFF-9A73AC040D8B}
	EndGlobalSection
EndGlobal
